
Microsoft Visual Studio Solution File, Format Version 12.00
# Visual Studio Version 16
VisualStudioVersion = 16.0.29215.179
MinimumVisualStudioVersion = 10.0.40219.1
Project("{FAE04EC0-301F-11D3-BF4B-00C04F79EFBC}") = "Actividad 3 - Ciclos FOR", "Actividad 3 - Ciclos FOR\Actividad 3 - Ciclos FOR.csproj", "{A3FCEA66-5B1A-45A8-AA47-E65966BB186B}"
EndProject
Global
	GlobalSection(SolutionConfigurationPlatforms) = preSolution
		Debug|Any CPU = Debug|Any CPU
		Release|Any CPU = Release|Any CPU
	EndGlobalSection
	GlobalSection(ProjectConfigurationPlatforms) = postSolution
		{A3FCEA66-5B1A-45A8-AA47-E65966BB186B}.Debug|Any CPU.ActiveCfg = Debug|Any CPU
		{A3FCEA66-5B1A-45A8-AA47-E65966BB186B}.Debug|Any CPU.Build.0 = Debug|Any CPU
		{A3FCEA66-5B1A-45A8-AA47-E65966BB186B}.Release|Any CPU.ActiveCfg = Release|Any CPU
		{A3FCEA66-5B1A-45A8-AA47-E65966BB186B}.Release|Any CPU.Build.0 = Release|Any CPU
	EndGlobalSection
	GlobalSection(SolutionProperties) = preSolution
		HideSolutionNode = FALSE
	EndGlobalSection
	GlobalSection(ExtensibilityGlobals) = postSolution
		SolutionGuid = {2BBF8EFA-D1F5-4F16-AD38-CF33FEE6FC64}
	EndGlobalSection
EndGlobal
